
Microsoft Visual Studio Solution File, Format Version 12.00
# Visual Studio Version 16
VisualStudioVersion = 16.0.31129.286
MinimumVisualStudioVersion = 10.0.40219.1
Project("{00D1A9C2-B5F0-4AF3-8072-F6C62B433612}") = "Database", "Database\Database.sqlproj", "{6F942115-0BDD-4235-B0C4-F1009CC412A6}"
EndProject
Project("{FAE04EC0-301F-11D3-BF4B-00C04F79EFBC}") = "WebApplication", "WebApplication\WebApplication.csproj", "{526F5E13-4CCE-4B5C-AC25-989D7300B923}"
EndProject
Global
	GlobalSection(SolutionConfigurationPlatforms) = preSolution
		Debug|Any CPU = Debug|Any CPU
		Release|Any CPU = Release|Any CPU
	EndGlobalSection
	GlobalSection(ProjectConfigurationPlatforms) = postSolution
		{6F942115-0BDD-4235-B0C4-F1009CC412A6}.Debug|Any CPU.ActiveCfg = Debug|Any CPU
		{6F942115-0BDD-4235-B0C4-F1009CC412A6}.Debug|Any CPU.Build.0 = Debug|Any CPU
		{6F942115-0BDD-4235-B0C4-F1009CC412A6}.Debug|Any CPU.Deploy.0 = Debug|Any CPU
		{6F942115-0BDD-4235-B0C4-F1009CC412A6}.Release|Any CPU.ActiveCfg = Release|Any CPU
		{6F942115-0BDD-4235-B0C4-F1009CC412A6}.Release|Any CPU.Build.0 = Release|Any CPU
		{6F942115-0BDD-4235-B0C4-F1009CC412A6}.Release|Any CPU.Deploy.0 = Release|Any CPU
		{526F5E13-4CCE-4B5C-AC25-989D7300B923}.Debug|Any CPU.ActiveCfg = Debug|Any CPU
		{526F5E13-4CCE-4B5C-AC25-989D7300B923}.Debug|Any CPU.Build.0 = Debug|Any CPU
		{526F5E13-4CCE-4B5C-AC25-989D7300B923}.Release|Any CPU.ActiveCfg = Release|Any CPU
		{526F5E13-4CCE-4B5C-AC25-989D7300B923}.Release|Any CPU.Build.0 = Release|Any CPU
	EndGlobalSection
	GlobalSection(SolutionProperties) = preSolution
		HideSolutionNode = FALSE
	EndGlobalSection
	GlobalSection(ExtensibilityGlobals) = postSolution
		SolutionGuid = {8CABC2BF-AD00-4E97-BC3D-CBD4555787CD}
	EndGlobalSection
EndGlobal
